// !$*UTF8*$!
{
	archiveVersion = 1;
	classes = {
	};
	objectVersion = 51;
	objects = {

/* Begin PBXBuildFile section */
		11CE9D3722FC00FA00AEA230 /* AppDelegate.swift in Sources */ = {isa = PBXBuildFile; fileRef = 11CE9D3622FC00FA00AEA230 /* AppDelegate.swift */; };
		11CE9D3922FC00FA00AEA230 /* ViewController.swift in Sources */ = {isa = PBXBuildFile; fileRef = 11CE9D3822FC00FA00AEA230 /* ViewController.swift */; };
		11CE9D3C22FC00FA00AEA230 /* Main.storyboard in Resources */ = {isa = PBXBuildFile; fileRef = 11CE9D3A22FC00FA00AEA230 /* Main.storyboard */; };
		11CE9D3E22FC00FA00AEA230 /* Assets.xcassets in Resources */ = {isa = PBXBuildFile; fileRef = 11CE9D3D22FC00FA00AEA230 /* Assets.xcassets */; };
		11CE9D4122FC00FA00AEA230 /* LaunchScreen.storyboard in Resources */ = {isa = PBXBuildFile; fileRef = 11CE9D3F22FC00FA00AEA230 /* LaunchScreen.storyboard */; };
		11CE9D4C22FC00FA00AEA230 /* RandomJokeTests.swift in Sources */ = {isa = PBXBuildFile; fileRef = 11CE9D4B22FC00FA00AEA230 /* RandomJokeTests.swift */; };
		11CE9D5722FC00FA00AEA230 /* RandomJokeUITests.swift in Sources */ = {isa = PBXBuildFile; fileRef = 11CE9D5622FC00FA00AEA230 /* RandomJokeUITests.swift */; };
		11CE9D6522FC12E400AEA230 /* APIManager.swift in Sources */ = {isa = PBXBuildFile; fileRef = 11CE9D6422FC12E400AEA230 /* APIManager.swift */; };
		11CE9D6722FD246100AEA230 /* Joke.swift in Sources */ = {isa = PBXBuildFile; fileRef = 11CE9D6622FD246100AEA230 /* Joke.swift */; };
		4C75D34A1CD90759F5136B04 /* Pods_RandomJokeTests.framework in Frameworks */ = {isa = PBXBuildFile; fileRef = 6F85E448E89A6C2CC34DB0CD /* Pods_RandomJokeTests.framework */; };
		64BBAB8ECC31EEF670B559DB /* Pods_RandomJokeUITests.framework in Frameworks */ = {isa = PBXBuildFile; fileRef = 7340C33CE098677E2462B358 /* Pods_RandomJokeUITests.framework */; };
		FFA998731EBCFED3B9E8EE9B /* Pods_RandomJoke.framework in Frameworks */ = {isa = PBXBuildFile; fileRef = F3BA7ADD3F03DA4E47236E0A /* Pods_RandomJoke.framework */; };
/* End PBXBuildFile section */

/* Begin PBXContainerItemProxy section */
		11CE9D4822FC00FA00AEA230 /* PBXContainerItemProxy */ = {
			isa = PBXContainerItemProxy;
			containerPortal = 11CE9D2B22FC00FA00AEA230 /* Project object */;
			proxyType = 1;
			remoteGlobalIDString = 11CE9D3222FC00FA00AEA230;
			remoteInfo = RandomJoke;
		};
		11CE9D5322FC00FA00AEA230 /* PBXContainerItemProxy */ = {
			isa = PBXContainerItemProxy;
			containerPortal = 11CE9D2B22FC00FA00AEA230 /* Project object */;
			proxyType = 1;
			remoteGlobalIDString = 11CE9D3222FC00FA00AEA230;
			remoteInfo = RandomJoke;
		};
/* End PBXContainerItemProxy section */

/* Begin PBXFileReference section */
		0340460096B8655219AE51DF /* Pods-RandomJokeTests.debug.xcconfig */ = {isa = PBXFileReference; includeInIndex = 1; lastKnownFileType = text.xcconfig; name = "Pods-RandomJokeTests.debug.xcconfig"; path = "Target Support Files/Pods-RandomJokeTests/Pods-RandomJokeTests.debug.xcconfig"; sourceTree = "<group>"; };
		11CE9D3322FC00FA00AEA230 /* RandomJoke.app */ = {isa = PBXFileReference; explicitFileType = wrapper.application; includeInIndex = 0; path = RandomJoke.app; sourceTree = BUILT_PRODUCTS_DIR; };
		11CE9D3622FC00FA00AEA230 /* AppDelegate.swift */ = {isa = PBXFileReference; lastKnownFileType = sourcecode.swift; path = AppDelegate.swift; sourceTree = "<group>"; };
		11CE9D3822FC00FA00AEA230 /* ViewController.swift */ = {isa = PBXFileReference; lastKnownFileType = sourcecode.swift; path = ViewController.swift; sourceTree = "<group>"; };
		11CE9D3B22FC00FA00AEA230 /* Base */ = {isa = PBXFileReference; lastKnownFileType = file.storyboard; name = Base; path = Base.lproj/Main.storyboard; sourceTree = "<group>"; };
		11CE9D3D22FC00FA00AEA230 /* Assets.xcassets */ = {isa = PBXFileReference; lastKnownFileType = folder.assetcatalog; path = Assets.xcassets; sourceTree = "<group>"; };
		11CE9D4022FC00FA00AEA230 /* Base */ = {isa = PBXFileReference; lastKnownFileType = file.storyboard; name = Base; path = Base.lproj/LaunchScreen.storyboard; sourceTree = "<group>"; };
		11CE9D4222FC00FA00AEA230 /* Info.plist */ = {isa = PBXFileReference; lastKnownFileType = text.plist.xml; path = Info.plist; sourceTree = "<group>"; };
		11CE9D4722FC00FA00AEA230 /* RandomJokeTests.xctest */ = {isa = PBXFileReference; explicitFileType = wrapper.cfbundle; includeInIndex = 0; path = RandomJokeTests.xctest; sourceTree = BUILT_PRODUCTS_DIR; };
		11CE9D4B22FC00FA00AEA230 /* RandomJokeTests.swift */ = {isa = PBXFileReference; lastKnownFileType = sourcecode.swift; path = RandomJokeTests.swift; sourceTree = "<group>"; };
		11CE9D4D22FC00FA00AEA230 /* Info.plist */ = {isa = PBXFileReference; lastKnownFileType = text.plist.xml; path = Info.plist; sourceTree = "<group>"; };
		11CE9D5222FC00FA00AEA230 /* RandomJokeUITests.xctest */ = {isa = PBXFileReference; explicitFileType = wrapper.cfbundle; includeInIndex = 0; path = RandomJokeUITests.xctest; sourceTree = BUILT_PRODUCTS_DIR; };
		11CE9D5622FC00FA00AEA230 /* RandomJokeUITests.swift */ = {isa = PBXFileReference; lastKnownFileType = sourcecode.swift; path = RandomJokeUITests.swift; sourceTree = "<group>"; };
		11CE9D5822FC00FA00AEA230 /* Info.plist */ = {isa = PBXFileReference; lastKnownFileType = text.plist.xml; path = Info.plist; sourceTree = "<group>"; };
		11CE9D6422FC12E400AEA230 /* APIManager.swift */ = {isa = PBXFileReference; lastKnownFileType = sourcecode.swift; path = APIManager.swift; sourceTree = "<group>"; };
		11CE9D6622FD246100AEA230 /* Joke.swift */ = {isa = PBXFileReference; lastKnownFileType = sourcecode.swift; path = Joke.swift; sourceTree = "<group>"; };
		259C59CF2E1953A8E9DA8B75 /* Pods-RandomJoke.release.xcconfig */ = {isa = PBXFileReference; includeInIndex = 1; lastKnownFileType = text.xcconfig; name = "Pods-RandomJoke.release.xcconfig"; path = "Target Support Files/Pods-RandomJoke/Pods-RandomJoke.release.xcconfig"; sourceTree = "<group>"; };
		3CA135EA8D10F0F0689B3302 /* Pods-RandomJoke.debug.xcconfig */ = {isa = PBXFileReference; includeInIndex = 1; lastKnownFileType = text.xcconfig; name = "Pods-RandomJoke.debug.xcconfig"; path = "Target Support Files/Pods-RandomJoke/Pods-RandomJoke.debug.xcconfig"; sourceTree = "<group>"; };
		6F85E448E89A6C2CC34DB0CD /* Pods_RandomJokeTests.framework */ = {isa = PBXFileReference; explicitFileType = wrapper.framework; includeInIndex = 0; path = Pods_RandomJokeTests.framework; sourceTree = BUILT_PRODUCTS_DIR; };
		7340C33CE098677E2462B358 /* Pods_RandomJokeUITests.framework */ = {isa = PBXFileReference; explicitFileType = wrapper.framework; includeInIndex = 0; path = Pods_RandomJokeUITests.framework; sourceTree = BUILT_PRODUCTS_DIR; };
		D3DD16883AAA7B002241949B /* Pods-RandomJokeUITests.release.xcconfig */ = {isa = PBXFileReference; includeInIndex = 1; lastKnownFileType = text.xcconfig; name = "Pods-RandomJokeUITests.release.xcconfig"; path = "Target Support Files/Pods-RandomJokeUITests/Pods-RandomJokeUITests.release.xcconfig"; sourceTree = "<group>"; };
		E251FBC8FFDB70FDE279BC20 /* Pods-RandomJokeTests.release.xcconfig */ = {isa = PBXFileReference; includeInIndex = 1; lastKnownFileType = text.xcconfig; name = "Pods-RandomJokeTests.release.xcconfig"; path = "Target Support Files/Pods-RandomJokeTests/Pods-RandomJokeTests.release.xcconfig"; sourceTree = "<group>"; };
		EE185E43D8AF44633A61E7A5 /* Pods-RandomJokeUITests.debug.xcconfig */ = {isa = PBXFileReference; includeInIndex = 1; lastKnownFileType = text.xcconfig; name = "Pods-RandomJokeUITests.debug.xcconfig"; path = "Target Support Files/Pods-RandomJokeUITests/Pods-RandomJokeUITests.debug.xcconfig"; sourceTree = "<group>"; };
		F3BA7ADD3F03DA4E47236E0A /* Pods_RandomJoke.framework */ = {isa = PBXFileReference; explicitFileType = wrapper.framework; includeInIndex = 0; path = Pods_RandomJoke.framework; sourceTree = BUILT_PRODUCTS_DIR; };
/* End PBXFileReference section */

/* Begin PBXFrameworksBuildPhase section */
		11CE9D3022FC00FA00AEA230 /* Frameworks */ = {
			isa = PBXFrameworksBuildPhase;
			buildActionMask = 2147483647;
			files = (
				FFA998731EBCFED3B9E8EE9B /* Pods_RandomJoke.framework in Frameworks */,
			);
			runOnlyForDeploymentPostprocessing = 0;
		};
		11CE9D4422FC00FA00AEA230 /* Frameworks */ = {
			isa = PBXFrameworksBuildPhase;
			buildActionMask = 2147483647;
			files = (
				4C75D34A1CD90759F5136B04 /* Pods_RandomJokeTests.framework in Frameworks */,
			);
			runOnlyForDeploymentPostprocessing = 0;
		};
		11CE9D4F22FC00FA00AEA230 /* Frameworks */ = {
			isa = PBXFrameworksBuildPhase;
			buildActionMask = 2147483647;
			files = (
				64BBAB8ECC31EEF670B559DB /* Pods_RandomJokeUITests.framework in Frameworks */,
			);
			runOnlyForDeploymentPostprocessing = 0;
		};
/* End PBXFrameworksBuildPhase section */

/* Begin PBXGroup section */
		11CE9D2A22FC00FA00AEA230 = {
			isa = PBXGroup;
			children = (
				11CE9D3522FC00FA00AEA230 /* RandomJoke */,
				11CE9D4A22FC00FA00AEA230 /* RandomJokeTests */,
				11CE9D5522FC00FA00AEA230 /* RandomJokeUITests */,
				11CE9D3422FC00FA00AEA230 /* Products */,
				2F1C3919C2BAE4754B5ACF2A /* Pods */,
				E1F3D4BCD2BF29DB6D5FC413 /* Frameworks */,
			);
			sourceTree = "<group>";
		};
		11CE9D3422FC00FA00AEA230 /* Products */ = {
			isa = PBXGroup;
			children = (
				11CE9D3322FC00FA00AEA230 /* RandomJoke.app */,
				11CE9D4722FC00FA00AEA230 /* RandomJokeTests.xctest */,
				11CE9D5222FC00FA00AEA230 /* RandomJokeUITests.xctest */,
			);
			name = Products;
			sourceTree = "<group>";
		};
		11CE9D3522FC00FA00AEA230 /* RandomJoke */ = {
			isa = PBXGroup;
			children = (
				11CE9D3622FC00FA00AEA230 /* AppDelegate.swift */,
				11CE9D3822FC00FA00AEA230 /* ViewController.swift */,
				11CE9D6622FD246100AEA230 /* Joke.swift */,
				11CE9D6422FC12E400AEA230 /* APIManager.swift */,
				11CE9D3A22FC00FA00AEA230 /* Main.storyboard */,
				11CE9D3D22FC00FA00AEA230 /* Assets.xcassets */,
				11CE9D3F22FC00FA00AEA230 /* LaunchScreen.storyboard */,
				11CE9D4222FC00FA00AEA230 /* Info.plist */,
			);
			path = RandomJoke;
			sourceTree = "<group>";
		};
		11CE9D4A22FC00FA00AEA230 /* RandomJokeTests */ = {
			isa = PBXGroup;
			children = (
				11CE9D4B22FC00FA00AEA230 /* RandomJokeTests.swift */,
				11CE9D4D22FC00FA00AEA230 /* Info.plist */,
			);
			path = RandomJokeTests;
			sourceTree = "<group>";
		};
		11CE9D5522FC00FA00AEA230 /* RandomJokeUITests */ = {
			isa = PBXGroup;
			children = (
				11CE9D5622FC00FA00AEA230 /* RandomJokeUITests.swift */,
				11CE9D5822FC00FA00AEA230 /* Info.plist */,
			);
			path = RandomJokeUITests;
			sourceTree = "<group>";
		};
		2F1C3919C2BAE4754B5ACF2A /* Pods */ = {
			isa = PBXGroup;
			children = (
				3CA135EA8D10F0F0689B3302 /* Pods-RandomJoke.debug.xcconfig */,
				259C59CF2E1953A8E9DA8B75 /* Pods-RandomJoke.release.xcconfig */,
				0340460096B8655219AE51DF /* Pods-RandomJokeTests.debug.xcconfig */,
				E251FBC8FFDB70FDE279BC20 /* Pods-RandomJokeTests.release.xcconfig */,
				EE185E43D8AF44633A61E7A5 /* Pods-RandomJokeUITests.debug.xcconfig */,
				D3DD16883AAA7B002241949B /* Pods-RandomJokeUITests.release.xcconfig */,
			);
			path = Pods;
			sourceTree = "<group>";
		};
		E1F3D4BCD2BF29DB6D5FC413 /* Frameworks */ = {
			isa = PBXGroup;
			children = (
				F3BA7ADD3F03DA4E47236E0A /* Pods_RandomJoke.framework */,
				6F85E448E89A6C2CC34DB0CD /* Pods_RandomJokeTests.framework */,
				7340C33CE098677E2462B358 /* Pods_RandomJokeUITests.framework */,
			);
			name = Frameworks;
			sourceTree = "<group>";
		};
/* End PBXGroup section */

/* Begin PBXNativeTarget section */
		11CE9D3222FC00FA00AEA230 /* RandomJoke */ = {
			isa = PBXNativeTarget;
			buildConfigurationList = 11CE9D5B22FC00FA00AEA230 /* Build configuration list for PBXNativeTarget "RandomJoke" */;
			buildPhases = (
				035EE4C0DBDC3EA84BFE3BA2 /* [CP] Check Pods Manifest.lock */,
				11CE9D2F22FC00FA00AEA230 /* Sources */,
				11CE9D3022FC00FA00AEA230 /* Frameworks */,
				11CE9D3122FC00FA00AEA230 /* Resources */,
				A91FE2CA0737AA07F9B00AC1 /* [CP] Embed Pods Frameworks */,
			);
			buildRules = (
			);
			dependencies = (
			);
			name = RandomJoke;
			productName = RandomJoke;
			productReference = 11CE9D3322FC00FA00AEA230 /* RandomJoke.app */;
			productType = "com.apple.product-type.application";
		};
		11CE9D4622FC00FA00AEA230 /* RandomJokeTests */ = {
			isa = PBXNativeTarget;
			buildConfigurationList = 11CE9D5E22FC00FA00AEA230 /* Build configuration list for PBXNativeTarget "RandomJokeTests" */;
			buildPhases = (
				10B972F09E6BC538E3E5D068 /* [CP] Check Pods Manifest.lock */,
				11CE9D4322FC00FA00AEA230 /* Sources */,
				11CE9D4422FC00FA00AEA230 /* Frameworks */,
				11CE9D4522FC00FA00AEA230 /* Resources */,
			);
			buildRules = (
			);
			dependencies = (
				11CE9D4922FC00FA00AEA230 /* PBXTargetDependency */,
			);
			name = RandomJokeTests;
			productName = RandomJokeTests;
			productReference = 11CE9D4722FC00FA00AEA230 /* RandomJokeTests.xctest */;
			productType = "com.apple.product-type.bundle.unit-test";
		};
		11CE9D5122FC00FA00AEA230 /* RandomJokeUITests */ = {
			isa = PBXNativeTarget;
			buildConfigurationList = 11CE9D6122FC00FA00AEA230 /* Build configuration list for PBXNativeTarget "RandomJokeUITests" */;
			buildPhases = (
				A6168BFE9480820966271449 /* [CP] Check Pods Manifest.lock */,
				11CE9D4E22FC00FA00AEA230 /* Sources */,
				11CE9D4F22FC00FA00AEA230 /* Frameworks */,
				11CE9D5022FC00FA00AEA230 /* Resources */,
			);
			buildRules = (
			);
			dependencies = (
				11CE9D5422FC00FA00AEA230 /* PBXTargetDependency */,
			);
			name = RandomJokeUITests;
			productName = RandomJokeUITests;
			productReference = 11CE9D5222FC00FA00AEA230 /* RandomJokeUITests.xctest */;
			productType = "com.apple.product-type.bundle.ui-testing";
		};
/* End PBXNativeTarget section */

/* Begin PBXProject section */
		11CE9D2B22FC00FA00AEA230 /* Project object */ = {
			isa = PBXProject;
			attributes = {
				LastSwiftUpdateCheck = 1020;
				LastUpgradeCheck = 1020;
				ORGANIZATIONNAME = "Prapasiri Lertkriangkraiying";
				TargetAttributes = {
					11CE9D3222FC00FA00AEA230 = {
						CreatedOnToolsVersion = 10.2.1;
					};
					11CE9D4622FC00FA00AEA230 = {
						CreatedOnToolsVersion = 10.2.1;
						TestTargetID = 11CE9D3222FC00FA00AEA230;
					};
					11CE9D5122FC00FA00AEA230 = {
						CreatedOnToolsVersion = 10.2.1;
						TestTargetID = 11CE9D3222FC00FA00AEA230;
					};
				};
			};
			buildConfigurationList = 11CE9D2E22FC00FA00AEA230 /* Build configuration list for PBXProject "RandomJoke" */;
			compatibilityVersion = "Xcode 9.3";
			developmentRegion = en;
			hasScannedForEncodings = 0;
			knownRegions = (
				en,
				Base,
			);
			mainGroup = 11CE9D2A22FC00FA00AEA230;
			productRefGroup = 11CE9D3422FC00FA00AEA230 /* Products */;
			projectDirPath = "";
			projectRoot = "";
			targets = (
				11CE9D3222FC00FA00AEA230 /* RandomJoke */,
				11CE9D4622FC00FA00AEA230 /* RandomJokeTests */,
				11CE9D5122FC00FA00AEA230 /* RandomJokeUITests */,
			);
		};
/* End PBXProject section */

/* Begin PBXResourcesBuildPhase section */
		11CE9D3122FC00FA00AEA230 /* Resources */ = {
			isa = PBXResourcesBuildPhase;
			buildActionMask = 2147483647;
			files = (
				11CE9D4122FC00FA00AEA230 /* LaunchScreen.storyboard in Resources */,
				11CE9D3E22FC00FA00AEA230 /* Assets.xcassets in Resources */,
				11CE9D3C22FC00FA00AEA230 /* Main.storyboard in Resources */,
			);
			runOnlyForDeploymentPostprocessing = 0;
		};
		11CE9D4522FC00FA00AEA230 /* Resources */ = {
			isa = PBXResourcesBuildPhase;
			buildActionMask = 2147483647;
			files = (
			);
			runOnlyForDeploymentPostprocessing = 0;
		};
		11CE9D5022FC00FA00AEA230 /* Resources */ = {
			isa = PBXResourcesBuildPhase;
			buildActionMask = 2147483647;
			files = (
			);
			runOnlyForDeploymentPostprocessing = 0;
		};
/* End PBXResourcesBuildPhase section */

/* Begin PBXShellScriptBuildPhase section */
		035EE4C0DBDC3EA84BFE3BA2 /* [CP] Check Pods Manifest.lock */ = {
			isa = PBXShellScriptBuildPhase;
			buildActionMask = 2147483647;
			files = (
			);
			inputFileListPaths = (
			);
			inputPaths = (
				"${PODS_PODFILE_DIR_PATH}/Podfile.lock",
				"${PODS_ROOT}/Manifest.lock",
			);
			name = "[CP] Check Pods Manifest.lock";
			outputFileListPaths = (
			);
			outputPaths = (
				"$(DERIVED_FILE_DIR)/Pods-RandomJoke-checkManifestLockResult.txt",
			);
			runOnlyForDeploymentPostprocessing = 0;
			shellPath = /bin/sh;
			shellScript = "diff \"${PODS_PODFILE_DIR_PATH}/Podfile.lock\" \"${PODS_ROOT}/Manifest.lock\" > /dev/null\nif [ $? != 0 ] ; then\n    # print error to STDERR\n    echo \"error: The sandbox is not in sync with the Podfile.lock. Run 'pod install' or update your CocoaPods installation.\" >&2\n    exit 1\nfi\n# This output is used by Xcode 'outputs' to avoid re-running this script phase.\necho \"SUCCESS\" > \"${SCRIPT_OUTPUT_FILE_0}\"\n";
			showEnvVarsInLog = 0;
		};
		10B972F09E6BC538E3E5D068 /* [CP] Check Pods Manifest.lock */ = {
			isa = PBXShellScriptBuildPhase;
			buildActionMask = 2147483647;
			files = (
			);
			inputFileListPaths = (
			);
			inputPaths = (
				"${PODS_PODFILE_DIR_PATH}/Podfile.lock",
				"${PODS_ROOT}/Manifest.lock",
			);
			name = "[CP] Check Pods Manifest.lock";
			outputFileListPaths = (
			);
			outputPaths = (
				"$(DERIVED_FILE_DIR)/Pods-RandomJokeTests-checkManifestLockResult.txt",
			);
			runOnlyForDeploymentPostprocessing = 0;
			shellPath = /bin/sh;
			shellScript = "diff \"${PODS_PODFILE_DIR_PATH}/Podfile.lock\" \"${PODS_ROOT}/Manifest.lock\" > /dev/null\nif [ $? != 0 ] ; then\n    # print error to STDERR\n    echo \"error: The sandbox is not in sync with the Podfile.lock. Run 'pod install' or update your CocoaPods installation.\" >&2\n    exit 1\nfi\n# This output is used by Xcode 'outputs' to avoid re-running this script phase.\necho \"SUCCESS\" > \"${SCRIPT_OUTPUT_FILE_0}\"\n";
			showEnvVarsInLog = 0;
		};
		A6168BFE9480820966271449 /* [CP] Check Pods Manifest.lock */ = {
			isa = PBXShellScriptBuildPhase;
			buildActionMask = 2147483647;
			files = (
			);
			inputFileListPaths = (
			);
			inputPaths = (
				"${PODS_PODFILE_DIR_PATH}/Podfile.lock",
				"${PODS_ROOT}/Manifest.lock",
			);
			name = "[CP] Check Pods Manifest.lock";
			outputFileListPaths = (
			);
			outputPaths = (
				"$(DERIVED_FILE_DIR)/Pods-RandomJokeUITests-checkManifestLockResult.txt",
			);
			runOnlyForDeploymentPostprocessing = 0;
			shellPath = /bin/sh;
			shellScript = "diff \"${PODS_PODFILE_DIR_PATH}/Podfile.lock\" \"${PODS_ROOT}/Manifest.lock\" > /dev/null\nif [ $? != 0 ] ; then\n    # print error to STDERR\n    echo \"error: The sandbox is not in sync with the Podfile.lock. Run 'pod install' or update your CocoaPods installation.\" >&2\n    exit 1\nfi\n# This output is used by Xcode 'outputs' to avoid re-running this script phase.\necho \"SUCCESS\" > \"${SCRIPT_OUTPUT_FILE_0}\"\n";
			showEnvVarsInLog = 0;
		};
		A91FE2CA0737AA07F9B00AC1 /* [CP] Embed Pods Frameworks */ = {
			isa = PBXShellScriptBuildPhase;
			buildActionMask = 2147483647;
			files = (
			);
			inputFileListPaths = (
				"${PODS_ROOT}/Target Support Files/Pods-RandomJoke/Pods-RandomJoke-frameworks-${CONFIGURATION}-input-files.xcfilelist",
			);
			name = "[CP] Embed Pods Frameworks";
			outputFileListPaths = (
				"${PODS_ROOT}/Target Support Files/Pods-RandomJoke/Pods-RandomJoke-frameworks-${CONFIGURATION}-output-files.xcfilelist",
			);
			runOnlyForDeploymentPostprocessing = 0;
			shellPath = /bin/sh;
			shellScript = "\"${PODS_ROOT}/Target Support Files/Pods-RandomJoke/Pods-RandomJoke-frameworks.sh\"\n";
			showEnvVarsInLog = 0;
		};
/* End PBXShellScriptBuildPhase section */

/* Begin PBXSourcesBuildPhase section */
		11CE9D2F22FC00FA00AEA230 /* Sources */ = {
			isa = PBXSourcesBuildPhase;
			buildActionMask = 2147483647;
			files = (
				11CE9D6522FC12E400AEA230 /* APIManager.swift in Sources */,
				11CE9D3922FC00FA00AEA230 /* ViewController.swift in Sources */,
				11CE9D6722FD246100AEA230 /* Joke.swift in Sources */,
				11CE9D3722FC00FA00AEA230 /* AppDelegate.swift in Sources */,
			);
			runOnlyForDeploymentPostprocessing = 0;
		};
		11CE9D4322FC00FA00AEA230 /* Sources */ = {
			isa = PBXSourcesBuildPhase;
			buildActionMask = 2147483647;
			files = (
				11CE9D4C22FC00FA00AEA230 /* RandomJokeTests.swift in Sources */,
			);
			runOnlyForDeploymentPostprocessing = 0;
		};
		11CE9D4E22FC00FA00AEA230 /* Sources */ = {
			isa = PBXSourcesBuildPhase;
			buildActionMask = 2147483647;
			files = (
				11CE9D5722FC00FA00AEA230 /* RandomJokeUITests.swift in Sources */,
			);
			runOnlyForDeploymentPostprocessing = 0;
		};
/* End PBXSourcesBuildPhase section */

/* Begin PBXTargetDependency section */
		11CE9D4922FC00FA00AEA230 /* PBXTargetDependency */ = {
			isa = PBXTargetDependency;
			target = 11CE9D3222FC00FA00AEA230 /* RandomJoke */;
			targetProxy = 11CE9D4822FC00FA00AEA230 /* PBXContainerItemProxy */;
		};
		11CE9D5422FC00FA00AEA230 /* PBXTargetDependency */ = {
			isa = PBXTargetDependency;
			target = 11CE9D3222FC00FA00AEA230 /* RandomJoke */;
			targetProxy = 11CE9D5322FC00FA00AEA230 /* PBXContainerItemProxy */;
		};
/* End PBXTargetDependency section */

/* Begin PBXVariantGroup section */
		11CE9D3A22FC00FA00AEA230 /* Main.storyboard */ = {
			isa = PBXVariantGroup;
			children = (
				11CE9D3B22FC00FA00AEA230 /* Base */,
			);
			name = Main.storyboard;
			sourceTree = "<group>";
		};
		11CE9D3F22FC00FA00AEA230 /* LaunchScreen.storyboard */ = {
			isa = PBXVariantGroup;
			children = (
				11CE9D4022FC00FA00AEA230 /* Base */,
			);
			name = LaunchScreen.storyboard;
			sourceTree = "<group>";
		};
/* End PBXVariantGroup section */

/* Begin XCBuildConfiguration section */
		11CE9D5922FC00FA00AEA230 /* Debug */ = {
			isa = XCBuildConfiguration;
			buildSettings = {
				ALWAYS_SEARCH_USER_PATHS = NO;
				CLANG_ANALYZER_NONNULL = YES;
				CLANG_ANALYZER_NUMBER_OBJECT_CONVERSION = YES_AGGRESSIVE;
				CLANG_CXX_LANGUAGE_STANDARD = "gnu++14";
				CLANG_CXX_LIBRARY = "libc++";
				CLANG_ENABLE_MODULES = YES;
				CLANG_ENABLE_OBJC_ARC = YES;
				CLANG_ENABLE_OBJC_WEAK = YES;
				CLANG_WARN_BLOCK_CAPTURE_AUTORELEASING = YES;
				CLANG_WARN_BOOL_CONVERSION = YES;
				CLANG_WARN_COMMA = YES;
				CLANG_WARN_CONSTANT_CONVERSION = YES;
				CLANG_WARN_DEPRECATED_OBJC_IMPLEMENTATIONS = YES;
				CLANG_WARN_DIRECT_OBJC_ISA_USAGE = YES_ERROR;
				CLANG_WARN_DOCUMENTATION_COMMENTS = YES;
				CLANG_WARN_EMPTY_BODY = YES;
				CLANG_WARN_ENUM_CONVERSION = YES;
				CLANG_WARN_INFINITE_RECURSION = YES;
				CLANG_WARN_INT_CONVERSION = YES;
				CLANG_WARN_NON_LITERAL_NULL_CONVERSION = YES;
				CLANG_WARN_OBJC_IMPLICIT_RETAIN_SELF = YES;
				CLANG_WARN_OBJC_LITERAL_CONVERSION = YES;
				CLANG_WARN_OBJC_ROOT_CLASS = YES_ERROR;
				CLANG_WARN_RANGE_LOOP_ANALYSIS = YES;
				CLANG_WARN_STRICT_PROTOTYPES = YES;
				CLANG_WARN_SUSPICIOUS_MOVE = YES;
				CLANG_WARN_UNGUARDED_AVAILABILITY = YES_AGGRESSIVE;
				CLANG_WARN_UNREACHABLE_CODE = YES;
				CLANG_WARN__DUPLICATE_METHOD_MATCH = YES;
				CODE_SIGN_IDENTITY = "iPhone Developer";
				COPY_PHASE_STRIP = NO;
				DEBUG_INFORMATION_FORMAT = dwarf;
				ENABLE_STRICT_OBJC_MSGSEND = YES;
				ENABLE_TESTABILITY = YES;
				GCC_C_LANGUAGE_STANDARD = gnu11;
				GCC_DYNAMIC_NO_PIC = NO;
				GCC_NO_COMMON_BLOCKS = YES;
				GCC_OPTIMIZATION_LEVEL = 0;
				GCC_PREPROCESSOR_DEFINITIONS = (
					"DEBUG=1",
					"$(inherited)",
				);
				GCC_WARN_64_TO_32_BIT_CONVERSION = YES;
				GCC_WARN_ABOUT_RETURN_TYPE = YES_ERROR;
				GCC_WARN_UNDECLARED_SELECTOR = YES;
				GCC_WARN_UNINITIALIZED_AUTOS = YES_AGGRESSIVE;
				GCC_WARN_UNUSED_FUNCTION = YES;
				GCC_WARN_UNUSED_VARIABLE = YES;
				IPHONEOS_DEPLOYMENT_TARGET = 12.2;
				MTL_ENABLE_DEBUG_INFO = INCLUDE_SOURCE;
				MTL_FAST_MATH = YES;
				ONLY_ACTIVE_ARCH = YES;
				SDKROOT = iphoneos;
				SWIFT_ACTIVE_COMPILATION_CONDITIONS = DEBUG;
				SWIFT_OPTIMIZATION_LEVEL = "-Onone";
			};
			name = Debug;
		};
		11CE9D5A22FC00FA00AEA230 /* Release */ = {
			isa = XCBuildConfiguration;
			buildSettings = {
				ALWAYS_SEARCH_USER_PATHS = NO;
				CLANG_ANALYZER_NONNULL = YES;
				CLANG_ANALYZER_NUMBER_OBJECT_CONVERSION = YES_AGGRESSIVE;
				CLANG_CXX_LANGUAGE_STANDARD = "gnu++14";
				CLANG_CXX_LIBRARY = "libc++";
				CLANG_ENABLE_MODULES = YES;
				CLANG_ENABLE_OBJC_ARC = YES;
				CLANG_ENABLE_OBJC_WEAK = YES;
				CLANG_WARN_BLOCK_CAPTURE_AUTORELEASING = YES;
				CLANG_WARN_BOOL_CONVERSION = YES;
				CLANG_WARN_COMMA = YES;
				CLANG_WARN_CONSTANT_CONVERSION = YES;
				CLANG_WARN_DEPRECATED_OBJC_IMPLEMENTATIONS = YES;
				CLANG_WARN_DIRECT_OBJC_ISA_USAGE = YES_ERROR;
				CLANG_WARN_DOCUMENTATION_COMMENTS = YES;
				CLANG_WARN_EMPTY_BODY = YES;
				CLANG_WARN_ENUM_CONVERSION = YES;
				CLANG_WARN_INFINITE_RECURSION = YES;
				CLANG_WARN_INT_CONVERSION = YES;
				CLANG_WARN_NON_LITERAL_NULL_CONVERSION = YES;
				CLANG_WARN_OBJC_IMPLICIT_RETAIN_SELF = YES;
				CLANG_WARN_OBJC_LITERAL_CONVERSION = YES;
				CLANG_WARN_OBJC_ROOT_CLASS = YES_ERROR;
				CLANG_WARN_RANGE_LOOP_ANALYSIS = YES;
				CLANG_WARN_STRICT_PROTOTYPES = YES;
				CLANG_WARN_SUSPICIOUS_MOVE = YES;
				CLANG_WARN_UNGUARDED_AVAILABILITY = YES_AGGRESSIVE;
				CLANG_WARN_UNREACHABLE_CODE = YES;
				CLANG_WARN__DUPLICATE_METHOD_MATCH = YES;
				CODE_SIGN_IDENTITY = "iPhone Developer";
				COPY_PHASE_STRIP = NO;
				DEBUG_INFORMATION_FORMAT = "dwarf-with-dsym";
				ENABLE_NS_ASSERTIONS = NO;
				ENABLE_STRICT_OBJC_MSGSEND = YES;
				GCC_C_LANGUAGE_STANDARD = gnu11;
				GCC_NO_COMMON_BLOCKS = YES;
				GCC_WARN_64_TO_32_BIT_CONVERSION = YES;
				GCC_WARN_ABOUT_RETURN_TYPE = YES_ERROR;
				GCC_WARN_UNDECLARED_SELECTOR = YES;
				GCC_WARN_UNINITIALIZED_AUTOS = YES_AGGRESSIVE;
				GCC_WARN_UNUSED_FUNCTION = YES;
				GCC_WARN_UNUSED_VARIABLE = YES;
				IPHONEOS_DEPLOYMENT_TARGET = 12.2;
				MTL_ENABLE_DEBUG_INFO = NO;
				MTL_FAST_MATH = YES;
				SDKROOT = iphoneos;
				SWIFT_COMPILATION_MODE = wholemodule;
				SWIFT_OPTIMIZATION_LEVEL = "-O";
				VALIDATE_PRODUCT = YES;
			};
			name = Release;
		};
		11CE9D5C22FC00FA00AEA230 /* Debug */ = {
			isa = XCBuildConfiguration;
			baseConfigurationReference = 3CA135EA8D10F0F0689B3302 /* Pods-RandomJoke.debug.xcconfig */;
			buildSettings = {
				ASSETCATALOG_COMPILER_APPICON_NAME = AppIcon;
				CODE_SIGN_STYLE = Automatic;
				DEVELOPMENT_TEAM = BDFCQ48W4V;
				INFOPLIST_FILE = RandomJoke/Info.plist;
				LD_RUNPATH_SEARCH_PATHS = (
					"$(inherited)",
					"@executable_path/Frameworks",
				);
				PRODUCT_BUNDLE_IDENTIFIER = co.th.scb.RandomJoke;
				PRODUCT_NAME = "$(TARGET_NAME)";
				SWIFT_VERSION = 5.0;
				TARGETED_DEVICE_FAMILY = "1,2";
			};
			name = Debug;
		};
		11CE9D5D22FC00FA00AEA230 /* Release */ = {
			isa = XCBuildConfiguration;
			baseConfigurationReference = 259C59CF2E1953A8E9DA8B75 /* Pods-RandomJoke.release.xcconfig */;
			buildSettings = {
				ASSETCATALOG_COMPILER_APPICON_NAME = AppIcon;
				CODE_SIGN_STYLE = Automatic;
				DEVELOPMENT_TEAM = BDFCQ48W4V;
				INFOPLIST_FILE = RandomJoke/Info.plist;
				LD_RUNPATH_SEARCH_PATHS = (
					"$(inherited)",
					"@executable_path/Frameworks",
				);
				PRODUCT_BUNDLE_IDENTIFIER = co.th.scb.RandomJoke;
				PRODUCT_NAME = "$(TARGET_NAME)";
				SWIFT_VERSION = 5.0;
				TARGETED_DEVICE_FAMILY = "1,2";
			};
			name = Release;
		};
		11CE9D5F22FC00FA00AEA230 /* Debug */ = {
			isa = XCBuildConfiguration;
			baseConfigurationReference = 0340460096B8655219AE51DF /* Pods-RandomJokeTests.debug.xcconfig */;
			buildSettings = {
				ALWAYS_EMBED_SWIFT_STANDARD_LIBRARIES = YES;
				BUNDLE_LOADER = "$(TEST_HOST)";
				CODE_SIGN_STYLE = Automatic;
				DEVELOPMENT_TEAM = BDFCQ48W4V;
				INFOPLIST_FILE = RandomJokeTests/Info.plist;
				LD_RUNPATH_SEARCH_PATHS = (
					"$(inherited)",
					"@executable_path/Frameworks",
					"@loader_path/Frameworks",
				);
				PRODUCT_BUNDLE_IDENTIFIER = co.th.scb.RandomJokeTests;
				PRODUCT_NAME = "$(TARGET_NAME)";
				SWIFT_VERSION = 5.0;
				TARGETED_DEVICE_FAMILY = "1,2";
				TEST_HOST = "$(BUILT_PRODUCTS_DIR)/RandomJoke.app/RandomJoke";
			};
			name = Debug;
		};
		11CE9D6022FC00FA00AEA230 /* Release */ = {
			isa = XCBuildConfiguration;
			baseConfigurationReference = E251FBC8FFDB70FDE279BC20 /* Pods-RandomJokeTests.release.xcconfig */;
			buildSettings = {
				ALWAYS_EMBED_SWIFT_STANDARD_LIBRARIES = YES;
				BUNDLE_LOADER = "$(TEST_HOST)";
				CODE_SIGN_STYLE = Automatic;
				DEVELOPMENT_TEAM = BDFCQ48W4V;
				INFOPLIST_FILE = RandomJokeTests/Info.plist;
				LD_RUNPATH_SEARCH_PATHS = (
					"$(inherited)",
					"@executable_path/Frameworks",
					"@loader_path/Frameworks",
				);
				PRODUCT_BUNDLE_IDENTIFIER = co.th.scb.RandomJokeTests;
				PRODUCT_NAME = "$(TARGET_NAME)";
				SWIFT_VERSION = 5.0;
				TARGETED_DEVICE_FAMILY = "1,2";
				TEST_HOST = "$(BUILT_PRODUCTS_DIR)/RandomJoke.app/RandomJoke";
			};
			name = Release;
		};
		11CE9D6222FC00FA00AEA230 /* Debug */ = {
			isa = XCBuildConfiguration;
			baseConfigurationReference = EE185E43D8AF44633A61E7A5 /* Pods-RandomJokeUITests.debug.xcconfig */;
			buildSettings = {
				ALWAYS_EMBED_SWIFT_STANDARD_LIBRARIES = YES;
				CODE_SIGN_STYLE = Automatic;
				DEVELOPMENT_TEAM = BDFCQ48W4V;
				INFOPLIST_FILE = RandomJokeUITests/Info.plist;
				LD_RUNPATH_SEARCH_PATHS = (
					"$(inherited)",
					"@executable_path/Frameworks",
					"@loader_path/Frameworks",
				);
				PRODUCT_BUNDLE_IDENTIFIER = co.th.scb.RandomJokeUITests;
				PRODUCT_NAME = "$(TARGET_NAME)";
				SWIFT_VERSION = 5.0;
				TARGETED_DEVICE_FAMILY = "1,2";
				TEST_TARGET_NAME = RandomJoke;
			};
			name = Debug;
		};
		11CE9D6322FC00FA00AEA230 /* Release */ = {
			isa = XCBuildConfiguration;
			baseConfigurationReference = D3DD16883AAA7B002241949B /* Pods-RandomJokeUITests.release.xcconfig */;
			buildSettings = {
				ALWAYS_EMBED_SWIFT_STANDARD_LIBRARIES = YES;
				CODE_SIGN_STYLE = Automatic;
				DEVELOPMENT_TEAM = BDFCQ48W4V;
				INFOPLIST_FILE = RandomJokeUITests/Info.plist;
				LD_RUNPATH_SEARCH_PATHS = (
					"$(inherited)",
					"@executable_path/Frameworks",
					"@loader_path/Frameworks",
				);
				PRODUCT_BUNDLE_IDENTIFIER = co.th.scb.RandomJokeUITests;
				PRODUCT_NAME = "$(TARGET_NAME)";
				SWIFT_VERSION = 5.0;
				TARGETED_DEVICE_FAMILY = "1,2";
				TEST_TARGET_NAME = RandomJoke;
			};
			name = Release;
		};
/* End XCBuildConfiguration section */

/* Begin XCConfigurationList section */
		11CE9D2E22FC00FA00AEA230 /* Build configuration list for PBXProject "RandomJoke" */ = {
			isa = XCConfigurationList;
			buildConfigurations = (
				11CE9D5922FC00FA00AEA230 /* Debug */,
				11CE9D5A22FC00FA00AEA230 /* Release */,
			);
			defaultConfigurationIsVisible = 0;
			defaultConfigurationName = Release;
		};
		11CE9D5B22FC00FA00AEA230 /* Build configuration list for PBXNativeTarget "RandomJoke" */ = {
			isa = XCConfigurationList;
			buildConfigurations = (
				11CE9D5C22FC00FA00AEA230 /* Debug */,
				11CE9D5D22FC00FA00AEA230 /* Release */,
			);
			defaultConfigurationIsVisible = 0;
			defaultConfigurationName = Release;
		};
		11CE9D5E22FC00FA00AEA230 /* Build configuration list for PBXNativeTarget "RandomJokeTests" */ = {
			isa = XCConfigurationList;
			buildConfigurations = (
				11CE9D5F22FC00FA00AEA230 /* Debug */,
				11CE9D6022FC00FA00AEA230 /* Release */,
			);
			defaultConfigurationIsVisible = 0;
			defaultConfigurationName = Release;
		};
		11CE9D6122FC00FA00AEA230 /* Build configuration list for PBXNativeTarget "RandomJokeUITests" */ = {
			isa = XCConfigurationList;
			buildConfigurations = (
				11CE9D6222FC00FA00AEA230 /* Debug */,
				11CE9D6322FC00FA00AEA230 /* Release */,
			);
			defaultConfigurationIsVisible = 0;
			defaultConfigurationName = Release;
		};
/* End XCConfigurationList section */
	};
	rootObject = 11CE9D2B22FC00FA00AEA230 /* Project object */;
}
